Microsoft Visual Studio Solution File, Format Version 11.00
# Visual Studio 2008

Project("{E6906A4E-F5EE-6DA6-DB4A-8DD94CC6A555}") = "Who Am I", "Assembly-CSharp.csproj", "{ED1DED76-5C36-13A7-1B58-7E58B9E2B11D}"
EndProject
Global
	GlobalSection(SolutionConfigurationPlatforms) = preSolution
		Debug|Any CPU = Debug|Any CPU
		Release|Any CPU = Release|Any CPU
	EndGlobalSection
	GlobalSection(ProjectConfigurationPlatforms) = postSolution
		{ED1DED76-5C36-13A7-1B58-7E58B9E2B11D}.Debug|Any CPU.ActiveCfg = Debug|Any CPU
		{ED1DED76-5C36-13A7-1B58-7E58B9E2B11D}.Debug|Any CPU.Build.0 = Debug|Any CPU
		{ED1DED76-5C36-13A7-1B58-7E58B9E2B11D}.Release|Any CPU.ActiveCfg = Release|Any CPU
		{ED1DED76-5C36-13A7-1B58-7E58B9E2B11D}.Release|Any CPU.Build.0 = Release|Any CPU
	EndGlobalSection
	GlobalSection(SolutionProperties) = preSolution
		HideSolutionNode = FALSE
	EndGlobalSection
	GlobalSection(MonoDevelopProperties) = preSolution
		StartupItem = Assembly-CSharp.csproj
	EndGlobalSection
EndGlobal
